
Microsoft Visual Studio Solution File, Format Version 12.00
# Visual Studio 14
VisualStudioVersion = 14.0.24720.0
MinimumVisualStudioVersion = 10.0.40219.1
Project("{FAE04EC0-301F-11D3-BF4B-00C04F79EFBC}") = "NeuralNet", "NeuralNet\NeuralNet.csproj", "{F494466A-61C9-451F-9971-4CC070BC7F2C}"
EndProject
Project("{FAE04EC0-301F-11D3-BF4B-00C04F79EFBC}") = "Test", "Test\Test.csproj", "{DF0EBBBA-0753-4B15-B0D6-C32EC2C08710}"
EndProject
Project("{2150E333-8FDC-42A3-9474-1A3956D46DE8}") = "Solution Items", "Solution Items", "{6757241C-6063-43CA-BE66-E3C838B3EEB6}"
	ProjectSection(SolutionItems) = preProject
		Docs.txt = Docs.txt
	EndProjectSection
EndProject
Project("{FAE04EC0-301F-11D3-BF4B-00C04F79EFBC}") = "IrisSpecies", "IrisSpecies\IrisSpecies.csproj", "{344CCFBB-1008-4766-B117-FAF481709EC9}"
EndProject
Project("{FAE04EC0-301F-11D3-BF4B-00C04F79EFBC}") = "Handwriting", "Handwriting\Handwriting.csproj", "{9861A88F-1D7C-449A-A694-E506E2B99381}"
EndProject
Project("{FAE04EC0-301F-11D3-BF4B-00C04F79EFBC}") = "HandwritingGui", "HandwritingGui\HandwritingGui.csproj", "{50A27FFB-CCA6-4851-8F98-C02360329306}"
EndProject
Project("{FAE04EC0-301F-11D3-BF4B-00C04F79EFBC}") = "BitmapHelpers", "BitmapHelpers\BitmapHelpers.csproj", "{FC937B33-F961-4312-BAB5-DF51DF41832E}"
EndProject
Project("{FAE04EC0-301F-11D3-BF4B-00C04F79EFBC}") = "LazyImgLoader", "LazyImgLoader\LazyImgLoader.csproj", "{5E7C9331-D5C3-4211-923D-EA55CB185921}"
EndProject
Global
	GlobalSection(SolutionConfigurationPlatforms) = preSolution
		Debug|Any CPU = Debug|Any CPU
		Debug|x64 = Debug|x64
		Release|Any CPU = Release|Any CPU
		Release|x64 = Release|x64
	EndGlobalSection
	GlobalSection(ProjectConfigurationPlatforms) = postSolution
		{F494466A-61C9-451F-9971-4CC070BC7F2C}.Debug|Any CPU.ActiveCfg = Debug|Any CPU
		{F494466A-61C9-451F-9971-4CC070BC7F2C}.Debug|Any CPU.Build.0 = Debug|Any CPU
		{F494466A-61C9-451F-9971-4CC070BC7F2C}.Debug|x64.ActiveCfg = Debug|x64
		{F494466A-61C9-451F-9971-4CC070BC7F2C}.Debug|x64.Build.0 = Debug|x64
		{F494466A-61C9-451F-9971-4CC070BC7F2C}.Release|Any CPU.ActiveCfg = Release|Any CPU
		{F494466A-61C9-451F-9971-4CC070BC7F2C}.Release|Any CPU.Build.0 = Release|Any CPU
		{F494466A-61C9-451F-9971-4CC070BC7F2C}.Release|x64.ActiveCfg = Release|x64
		{F494466A-61C9-451F-9971-4CC070BC7F2C}.Release|x64.Build.0 = Release|x64
		{DF0EBBBA-0753-4B15-B0D6-C32EC2C08710}.Debug|Any CPU.ActiveCfg = Debug|Any CPU
		{DF0EBBBA-0753-4B15-B0D6-C32EC2C08710}.Debug|Any CPU.Build.0 = Debug|Any CPU
		{DF0EBBBA-0753-4B15-B0D6-C32EC2C08710}.Debug|x64.ActiveCfg = Debug|x64
		{DF0EBBBA-0753-4B15-B0D6-C32EC2C08710}.Debug|x64.Build.0 = Debug|x64
		{DF0EBBBA-0753-4B15-B0D6-C32EC2C08710}.Release|Any CPU.ActiveCfg = Release|Any CPU
		{DF0EBBBA-0753-4B15-B0D6-C32EC2C08710}.Release|Any CPU.Build.0 = Release|Any CPU
		{DF0EBBBA-0753-4B15-B0D6-C32EC2C08710}.Release|x64.ActiveCfg = Release|x64
		{DF0EBBBA-0753-4B15-B0D6-C32EC2C08710}.Release|x64.Build.0 = Release|x64
		{344CCFBB-1008-4766-B117-FAF481709EC9}.Debug|Any CPU.ActiveCfg = Debug|Any CPU
		{344CCFBB-1008-4766-B117-FAF481709EC9}.Debug|Any CPU.Build.0 = Debug|Any CPU
		{344CCFBB-1008-4766-B117-FAF481709EC9}.Debug|x64.ActiveCfg = Debug|x64
		{344CCFBB-1008-4766-B117-FAF481709EC9}.Debug|x64.Build.0 = Debug|x64
		{344CCFBB-1008-4766-B117-FAF481709EC9}.Release|Any CPU.ActiveCfg = Release|Any CPU
		{344CCFBB-1008-4766-B117-FAF481709EC9}.Release|Any CPU.Build.0 = Release|Any CPU
		{344CCFBB-1008-4766-B117-FAF481709EC9}.Release|x64.ActiveCfg = Release|x64
		{344CCFBB-1008-4766-B117-FAF481709EC9}.Release|x64.Build.0 = Release|x64
		{9861A88F-1D7C-449A-A694-E506E2B99381}.Debug|Any CPU.ActiveCfg = Debug|Any CPU
		{9861A88F-1D7C-449A-A694-E506E2B99381}.Debug|Any CPU.Build.0 = Debug|Any CPU
		{9861A88F-1D7C-449A-A694-E506E2B99381}.Debug|x64.ActiveCfg = Debug|x64
		{9861A88F-1D7C-449A-A694-E506E2B99381}.Debug|x64.Build.0 = Debug|x64
		{9861A88F-1D7C-449A-A694-E506E2B99381}.Release|Any CPU.ActiveCfg = Release|Any CPU
		{9861A88F-1D7C-449A-A694-E506E2B99381}.Release|Any CPU.Build.0 = Release|Any CPU
		{9861A88F-1D7C-449A-A694-E506E2B99381}.Release|x64.ActiveCfg = Release|x64
		{9861A88F-1D7C-449A-A694-E506E2B99381}.Release|x64.Build.0 = Release|x64
		{50A27FFB-CCA6-4851-8F98-C02360329306}.Debug|Any CPU.ActiveCfg = Debug|Any CPU
		{50A27FFB-CCA6-4851-8F98-C02360329306}.Debug|Any CPU.Build.0 = Debug|Any CPU
		{50A27FFB-CCA6-4851-8F98-C02360329306}.Debug|x64.ActiveCfg = Debug|Any CPU
		{50A27FFB-CCA6-4851-8F98-C02360329306}.Debug|x64.Build.0 = Debug|Any CPU
		{50A27FFB-CCA6-4851-8F98-C02360329306}.Release|Any CPU.ActiveCfg = Release|Any CPU
		{50A27FFB-CCA6-4851-8F98-C02360329306}.Release|Any CPU.Build.0 = Release|Any CPU
		{50A27FFB-CCA6-4851-8F98-C02360329306}.Release|x64.ActiveCfg = Release|Any CPU
		{50A27FFB-CCA6-4851-8F98-C02360329306}.Release|x64.Build.0 = Release|Any CPU
		{FC937B33-F961-4312-BAB5-DF51DF41832E}.Debug|Any CPU.ActiveCfg = Debug|Any CPU
		{FC937B33-F961-4312-BAB5-DF51DF41832E}.Debug|Any CPU.Build.0 = Debug|Any CPU
		{FC937B33-F961-4312-BAB5-DF51DF41832E}.Debug|x64.ActiveCfg = Debug|Any CPU
		{FC937B33-F961-4312-BAB5-DF51DF41832E}.Debug|x64.Build.0 = Debug|Any CPU
		{FC937B33-F961-4312-BAB5-DF51DF41832E}.Release|Any CPU.ActiveCfg = Release|Any CPU
		{FC937B33-F961-4312-BAB5-DF51DF41832E}.Release|Any CPU.Build.0 = Release|Any CPU
		{FC937B33-F961-4312-BAB5-DF51DF41832E}.Release|x64.ActiveCfg = Release|Any CPU
		{FC937B33-F961-4312-BAB5-DF51DF41832E}.Release|x64.Build.0 = Release|Any CPU
		{5E7C9331-D5C3-4211-923D-EA55CB185921}.Debug|Any CPU.ActiveCfg = Debug|Any CPU
		{5E7C9331-D5C3-4211-923D-EA55CB185921}.Debug|Any CPU.Build.0 = Debug|Any CPU
		{5E7C9331-D5C3-4211-923D-EA55CB185921}.Debug|x64.ActiveCfg = Debug|Any CPU
		{5E7C9331-D5C3-4211-923D-EA55CB185921}.Debug|x64.Build.0 = Debug|Any CPU
		{5E7C9331-D5C3-4211-923D-EA55CB185921}.Release|Any CPU.ActiveCfg = Release|Any CPU
		{5E7C9331-D5C3-4211-923D-EA55CB185921}.Release|Any CPU.Build.0 = Release|Any CPU
		{5E7C9331-D5C3-4211-923D-EA55CB185921}.Release|x64.ActiveCfg = Release|Any CPU
		{5E7C9331-D5C3-4211-923D-EA55CB185921}.Release|x64.Build.0 = Release|Any CPU
	EndGlobalSection
	GlobalSection(SolutionProperties) = preSolution
		HideSolutionNode = FALSE
	EndGlobalSection
EndGlobal
